
Microsoft Visual Studio Solution File, Format Version 12.00
# Visual Studio 15
VisualStudioVersion = 15.0.26730.12
MinimumVisualStudioVersion = 10.0.40219.1
Project("{8BC9CEB8-8B4A-11D0-8D11-00A0C91BC942}") = "MachiavelliServer", "MachiavelliServer\MachiavelliServer.vcxproj", "{5E9DAE63-0E40-477C-8A62-558E7D8AD872}"
EndProject
Global
	GlobalSection(SolutionConfigurationPlatforms) = preSolution
		Debug|x64 = Debug|x64
		Debug|x86 = Debug|x86
		Release|x64 = Release|x64
		Release|x86 = Release|x86
	EndGlobalSection
	GlobalSection(ProjectConfigurationPlatforms) = postSolution
		{5E9DAE63-0E40-477C-8A62-558E7D8AD872}.Debug|x64.ActiveCfg = Debug|x64
		{5E9DAE63-0E40-477C-8A62-558E7D8AD872}.Debug|x64.Build.0 = Debug|x64
		{5E9DAE63-0E40-477C-8A62-558E7D8AD872}.Debug|x86.ActiveCfg = Debug|Win32
		{5E9DAE63-0E40-477C-8A62-558E7D8AD872}.Debug|x86.Build.0 = Debug|Win32
		{5E9DAE63-0E40-477C-8A62-558E7D8AD872}.Release|x64.ActiveCfg = Release|x64
		{5E9DAE63-0E40-477C-8A62-558E7D8AD872}.Release|x64.Build.0 = Release|x64
		{5E9DAE63-0E40-477C-8A62-558E7D8AD872}.Release|x86.ActiveCfg = Release|Win32
		{5E9DAE63-0E40-477C-8A62-558E7D8AD872}.Release|x86.Build.0 = Release|Win32
	EndGlobalSection
	GlobalSection(SolutionProperties) = preSolution
		HideSolutionNode = FALSE
	EndGlobalSection
	GlobalSection(ExtensibilityGlobals) = postSolution
		SolutionGuid = {800419A4-3634-437F-93CA-2060DAD73CFA}
	EndGlobalSection
EndGlobal
