<?xml version="1.0" encoding="utf-8"?>
<Project ToolsVersion="4.0" xmlns="http://schemas.microsoft.com/developer/msbuild/2003">
  <ItemGroup>
    <Filter Include="Server">
      <UniqueIdentifier>{7ab03c83-2b48-4fb5-b7e0-7674151d6d33}</UniqueIdentifier>
    </Filter>
    <Filter Include="Game">
      <UniqueIdentifier>{e106d591-4627-405c-8479-5b3412ebdaa7}</UniqueIdentifier>
    </Filter>
    <Filter Include="Engine">
      <UniqueIdentifier>{5c24dd14-f7d6-4057-91bd-fcb5e08ed786}</UniqueIdentifier>
    </Filter>
    <Filter Include="Game\Characters">
      <UniqueIdentifier>{e8447ade-d7e3-459a-8379-9da65f5893dd}</UniqueIdentifier>
    </Filter>
    <Filter Include="Data">
      <UniqueIdentifier>{ba9931c5-d87e-47a3-a150-43cefd3ad4e1}</UniqueIdentifier>
    </Filter>
    <Filter Include="Game\Other states">
      <UniqueIdentifier>{f92c2932-d744-47c8-a14d-0512eaca64a5}</UniqueIdentifier>
    </Filter>
    <Filter Include="Game\Cards">
      <UniqueIdentifier>{e78b2e03-011a-40fa-ae89-9f214d82bda7}</UniqueIdentifier>
    </Filter>
    <Filter Include="Game\Factories">
      <UniqueIdentifier>{88e4b95d-56c5-4c18-b40f-56014e446d9a}</UniqueIdentifier>
    </Filter>
  </ItemGroup>
  <ItemGroup>
    <Text Include="ReadMe.txt" />
  </ItemGroup>
  <ItemGroup>
    <ClInclude Include="stdafx.h">
      <Filter>Engine</Filter>
    </ClInclude>
    <ClInclude Include="targetver.h">
      <Filter>Engine</Filter>
    </ClInclude>
    <ClInclude Include="CircularBuffer.h">
      <Filter>Server</Filter>
    </ClInclude>
    <ClInclude Include="ClientCommand.h">
      <Filter>Server</Filter>
    </ClInclude>
    <ClInclude Include="ClientInfo.h">
      <Filter>Server</Filter>
    </ClInclude>
    <ClInclude Include="Server.h">
      <Filter>Server</Filter>
    </ClInclude>
    <ClInclude Include="Socket.h">
      <Filter>Server</Filter>
    </ClInclude>
    <ClInclude Include="Sync_queue.h">
      <Filter>Server</Filter>
    </ClInclude>
    <ClInclude Include="throw.h">
      <Filter>Server</Filter>
    </ClInclude>
    <ClInclude Include="CommandHandler.h">
      <Filter>Server</Filter>
    </ClInclude>
    <ClInclude Include="Game.h">
      <Filter>Game</Filter>
    </ClInclude>
    <ClInclude Include="Building.h">
      <Filter>Game</Filter>
    </ClInclude>
    <ClInclude Include="Character.h">
      <Filter>Game</Filter>
    </ClInclude>
    <ClInclude Include="CardColor.h">
      <Filter>Game</Filter>
    </ClInclude>
    <ClInclude Include="Assassin.h">
      <Filter>Game\Characters</Filter>
    </ClInclude>
    <ClInclude Include="Robber.h">
      <Filter>Game\Characters</Filter>
    </ClInclude>
    <ClInclude Include="Mage.h">
      <Filter>Game\Characters</Filter>
    </ClInclude>
    <ClInclude Include="King.h">
      <Filter>Game\Characters</Filter>
    </ClInclude>
    <ClInclude Include="Preacher.h">
      <Filter>Game\Characters</Filter>
    </ClInclude>
    <ClInclude Include="Merchant.h">
      <Filter>Game\Characters</Filter>
    </ClInclude>
    <ClInclude Include="Builder.h">
      <Filter>Game\Characters</Filter>
    </ClInclude>
    <ClInclude Include="Condottiere.h">
      <Filter>Game\Characters</Filter>
    </ClInclude>
    <ClInclude Include="FileHandler.h">
      <Filter>Engine</Filter>
    </ClInclude>
    <ClInclude Include="RandomGenerator.h">
      <Filter>Engine</Filter>
    </ClInclude>
    <ClInclude Include="State.h">
      <Filter>Game</Filter>
    </ClInclude>
    <ClInclude Include="ChooseCharacter.h">
      <Filter>Game\Other states</Filter>
    </ClInclude>
    <ClInclude Include="Player.h">
      <Filter>Server</Filter>
    </ClInclude>
    <ClInclude Include="CharacterFactory.h">
      <Filter>Game\Factories</Filter>
    </ClInclude>
    <ClInclude Include="BuildingFactory.h">
      <Filter>Game\Factories</Filter>
    </ClInclude>
    <ClInclude Include="Deck.h">
      <Filter>Game\Cards</Filter>
    </ClInclude>
    <ClInclude Include="Card.h">
      <Filter>Game\Cards</Filter>
    </ClInclude>
  </ItemGroup>
  <ItemGroup>
    <ClCompile Include="MachiavelliServer.cpp">
      <Filter>Engine</Filter>
    </ClCompile>
    <ClCompile Include="stdafx.cpp">
      <Filter>Engine</Filter>
    </ClCompile>
    <ClCompile Include="Server.cpp">
      <Filter>Server</Filter>
    </ClCompile>
    <ClCompile Include="Socket.cpp">
      <Filter>Server</Filter>
    </ClCompile>
    <ClCompile Include="throw.cpp">
      <Filter>Server</Filter>
    </ClCompile>
    <ClCompile Include="Building.cpp">
      <Filter>Game</Filter>
    </ClCompile>
    <ClCompile Include="Character.cpp">
      <Filter>Game</Filter>
    </ClCompile>
    <ClCompile Include="Game.cpp">
      <Filter>Game</Filter>
    </ClCompile>
    <ClCompile Include="CommandHandler.cpp">
      <Filter>Server</Filter>
    </ClCompile>
    <ClCompile Include="RandomGenerator.cpp">
      <Filter>Engine</Filter>
    </ClCompile>
    <ClCompile Include="FileHandler.cpp">
      <Filter>Engine</Filter>
    </ClCompile>
    <ClCompile Include="ChooseCharacter.cpp">
      <Filter>Game\Other states</Filter>
    </ClCompile>
    <ClCompile Include="Player.cpp">
      <Filter>Server</Filter>
    </ClCompile>
    <ClCompile Include="Assassin.cpp">
      <Filter>Game\Characters</Filter>
    </ClCompile>
    <ClCompile Include="Robber.cpp">
      <Filter>Game\Characters</Filter>
    </ClCompile>
    <ClCompile Include="Mage.cpp">
      <Filter>Game\Characters</Filter>
    </ClCompile>
    <ClCompile Include="Builder.cpp">
      <Filter>Game\Characters</Filter>
    </ClCompile>
    <ClCompile Include="Condottiere.cpp">
      <Filter>Game\Characters</Filter>
    </ClCompile>
    <ClCompile Include="King.cpp">
      <Filter>Game\Characters</Filter>
    </ClCompile>
    <ClCompile Include="Merchant.cpp">
      <Filter>Game\Characters</Filter>
    </ClCompile>
    <ClCompile Include="Preacher.cpp">
      <Filter>Game\Characters</Filter>
    </ClCompile>
    <ClCompile Include="CharacterFactory.cpp">
      <Filter>Game\Factories</Filter>
    </ClCompile>
    <ClCompile Include="BuildingFactory.cpp">
      <Filter>Game\Factories</Filter>
    </ClCompile>
  </ItemGroup>
  <ItemGroup>
    <None Include="Bouwkaarten.csv">
      <Filter>Data</Filter>
    </None>
    <None Include="karakterkaarten.csv">
      <Filter>Data</Filter>
    </None>
  </ItemGroup>
</Project>